
Microsoft Visual Studio Solution File, Format Version 12.00
# Visual Studio Version 17
VisualStudioVersion = 17.5.33502.453
MinimumVisualStudioVersion = 10.0.40219.1
Project("{FAE04EC0-301F-11D3-BF4B-00C04F79EFBC}") = "WebApplication1", "WebApplication1.csproj", "{27C66993-AE5F-492B-91A1-9A61F9855331}"
EndProject
Global
	GlobalSection(SolutionConfigurationPlatforms) = preSolution
		Debug|Any CPU = Debug|Any CPU
		Release|Any CPU = Release|Any CPU
	EndGlobalSection
	GlobalSection(ProjectConfigurationPlatforms) = postSolution
		{27C66993-AE5F-492B-91A1-9A61F9855331}.Debug|Any CPU.ActiveCfg = Debug|Any CPU
		{27C66993-AE5F-492B-91A1-9A61F9855331}.Debug|Any CPU.Build.0 = Debug|Any CPU
		{27C66993-AE5F-492B-91A1-9A61F9855331}.Release|Any CPU.ActiveCfg = Release|Any CPU
		{27C66993-AE5F-492B-91A1-9A61F9855331}.Release|Any CPU.Build.0 = Release|Any CPU
	EndGlobalSection
	GlobalSection(SolutionProperties) = preSolution
		HideSolutionNode = FALSE
	EndGlobalSection
	GlobalSection(ExtensibilityGlobals) = postSolution
		SolutionGuid = {14E30720-86D6-468E-A7F7-4B6AE32A2A98}
	EndGlobalSection
EndGlobal
